hash: 76eaafb788d6388dd76cf37c1c2ae75343ea08af15244fe86e770d4429059d15
updated: 2019-01-10T17:25:54.345728+01:00
imports:
- name: github.com/christophwitzko/go-travis
  version: 5311d81d834b5e8a60413b3c37d14bf8118067a4
- name: github.com/fatih/structs
  version: 878a968ab22548362a09bdb3322f98b00f470d46
- name: github.com/golang/protobuf
  version: 347cf4a86c1cb8d262994d8ef5924d4576c5b331
  subpackages:
  - proto
- name: github.com/google/go-github
  version: d8ef5e048be02fce9eac6482d2c1a92bf73761cf
  subpackages:
  - github
- name: github.com/google/go-querystring
  version: 44c6ddd0a2342c386950e880b658017258da92fc
  subpackages:
  - query
- name: github.com/Masterminds/semver
  version: c84ddcca87bf5a941b138dde832a7e20b0159ad8
- name: github.com/oleiade/reflections
  version: 0e86b3c98b2ff33e30c85cfe97d9a63d439fe7eb
- name: golang.org/x/net
  version: be1c187aa6c66b9daa1d9461c228d17e9dd2cab7
  subpackages:
  - context
  - context/ctxhttp
- name: golang.org/x/oauth2
  version: d668ce993890a79bda886613ee587a69dd5da7a6
  subpackages:
  - internal
- name: google.golang.org/appengine
  version: e9657d882bb81064595ca3b56cbe2546bbabf7b1
  subpackages:
  - internal
  - internal/base
  - internal/datastore
  - internal/log
  - internal/remote_api
  - internal/urlfetch
  - urlfetch
testImports: []
